
Microsoft Visual Studio Solution File, Format Version 12.00
# Visual Studio Version 17
VisualStudioVersion = 17.10.35122.118
MinimumVisualStudioVersion = 10.0.40219.1
Project("{9A19103F-16F7-4668-BE54-9A1E7A4F7556}") = "CatalogServiceAPI", "CatalogServiceAPI\CatalogServiceAPI.csproj", "{288F3702-0448-49FE-BA9A-246B743113F0}"
EndProject
Project("{2150E333-8FDC-42A3-9474-1A3956D46DE8}") = "Presentation", "Presentation", "{ED425AF5-9D2C-4412-B139-900CC842A30E}"
EndProject
Project("{2150E333-8FDC-42A3-9474-1A3956D46DE8}") = "Domain", "Domain", "{D3CE8A5D-1E92-4D6F-9909-E2B6EF54D771}"
EndProject
Project("{2150E333-8FDC-42A3-9474-1A3956D46DE8}") = "Application", "Application", "{0984C367-3B44-4B2C-B10E-E168D4E498AF}"
EndProject
Project("{2150E333-8FDC-42A3-9474-1A3956D46DE8}") = "Infrastructure", "Infrastructure", "{E7FB2FBD-A09C-4519-87A9-8C4FD5FAE43F}"
EndProject
Project("{9A19103F-16F7-4668-BE54-9A1E7A4F7556}") = "Domain", "Domain\Domain.csproj", "{E858DB5C-59DE-48D2-8DAA-C33DC890DBA2}"
EndProject
Project("{2150E333-8FDC-42A3-9474-1A3956D46DE8}") = "src", "src", "{7F369EA8-03B8-462B-B7FD-BDDB144FA5A3}"
EndProject
Project("{2150E333-8FDC-42A3-9474-1A3956D46DE8}") = "tests", "tests", "{DFFB1F4F-CAFE-4928-B45D-6B39687967AA}"
EndProject
Project("{9A19103F-16F7-4668-BE54-9A1E7A4F7556}") = "Application", "Application\Application.csproj", "{1265D8AC-5160-4F8F-A3B8-F069F4EF6C0B}"
EndProject
Project("{9A19103F-16F7-4668-BE54-9A1E7A4F7556}") = "Infrastructure", "Infrastructure\Infrastructure.csproj", "{1C79EBB0-DA50-49BF-AC2C-3481574A0F6A}"
EndProject
Project("{9A19103F-16F7-4668-BE54-9A1E7A4F7556}") = "CatalogService.UnitTests", "..\tests\CatalogService.UnitTests\CatalogService.UnitTests.csproj", "{6F45F33F-3508-4301-98C3-C2AEF74B5D20}"
EndProject
Project("{9A19103F-16F7-4668-BE54-9A1E7A4F7556}") = "CatalogService.IntegrationTests", "..\tests\CatalogService.IntegrationTests\CatalogService.IntegrationTests.csproj", "{D6F10F58-817A-4043-812D-5584D97D9F33}"
EndProject
Project("{2150E333-8FDC-42A3-9474-1A3956D46DE8}") = "Docker", "Docker", "{CEFB9189-3FA1-4D05-9507-6C11F10E469E}"
	ProjectSection(SolutionItems) = preProject
		compose.yaml = compose.yaml
	EndProjectSection
EndProject
Global
	GlobalSection(SolutionConfigurationPlatforms) = preSolution
		Debug|Any CPU = Debug|Any CPU
		Release|Any CPU = Release|Any CPU
	EndGlobalSection
	GlobalSection(ProjectConfigurationPlatforms) = postSolution
		{288F3702-0448-49FE-BA9A-246B743113F0}.Debug|Any CPU.ActiveCfg = Debug|Any CPU
		{288F3702-0448-49FE-BA9A-246B743113F0}.Debug|Any CPU.Build.0 = Debug|Any CPU
		{288F3702-0448-49FE-BA9A-246B743113F0}.Release|Any CPU.ActiveCfg = Release|Any CPU
		{288F3702-0448-49FE-BA9A-246B743113F0}.Release|Any CPU.Build.0 = Release|Any CPU
		{E858DB5C-59DE-48D2-8DAA-C33DC890DBA2}.Debug|Any CPU.ActiveCfg = Debug|Any CPU
		{E858DB5C-59DE-48D2-8DAA-C33DC890DBA2}.Debug|Any CPU.Build.0 = Debug|Any CPU
		{E858DB5C-59DE-48D2-8DAA-C33DC890DBA2}.Release|Any CPU.ActiveCfg = Release|Any CPU
		{E858DB5C-59DE-48D2-8DAA-C33DC890DBA2}.Release|Any CPU.Build.0 = Release|Any CPU
		{1265D8AC-5160-4F8F-A3B8-F069F4EF6C0B}.Debug|Any CPU.ActiveCfg = Debug|Any CPU
		{1265D8AC-5160-4F8F-A3B8-F069F4EF6C0B}.Debug|Any CPU.Build.0 = Debug|Any CPU
		{1265D8AC-5160-4F8F-A3B8-F069F4EF6C0B}.Release|Any CPU.ActiveCfg = Release|Any CPU
		{1265D8AC-5160-4F8F-A3B8-F069F4EF6C0B}.Release|Any CPU.Build.0 = Release|Any CPU
		{1C79EBB0-DA50-49BF-AC2C-3481574A0F6A}.Debug|Any CPU.ActiveCfg = Debug|Any CPU
		{1C79EBB0-DA50-49BF-AC2C-3481574A0F6A}.Debug|Any CPU.Build.0 = Debug|Any CPU
		{1C79EBB0-DA50-49BF-AC2C-3481574A0F6A}.Release|Any CPU.ActiveCfg = Release|Any CPU
		{1C79EBB0-DA50-49BF-AC2C-3481574A0F6A}.Release|Any CPU.Build.0 = Release|Any CPU
		{6F45F33F-3508-4301-98C3-C2AEF74B5D20}.Debug|Any CPU.ActiveCfg = Debug|Any CPU
		{6F45F33F-3508-4301-98C3-C2AEF74B5D20}.Debug|Any CPU.Build.0 = Debug|Any CPU
		{6F45F33F-3508-4301-98C3-C2AEF74B5D20}.Release|Any CPU.ActiveCfg = Release|Any CPU
		{6F45F33F-3508-4301-98C3-C2AEF74B5D20}.Release|Any CPU.Build.0 = Release|Any CPU
		{D6F10F58-817A-4043-812D-5584D97D9F33}.Debug|Any CPU.ActiveCfg = Debug|Any CPU
		{D6F10F58-817A-4043-812D-5584D97D9F33}.Debug|Any CPU.Build.0 = Debug|Any CPU
		{D6F10F58-817A-4043-812D-5584D97D9F33}.Release|Any CPU.ActiveCfg = Release|Any CPU
		{D6F10F58-817A-4043-812D-5584D97D9F33}.Release|Any CPU.Build.0 = Release|Any CPU
	EndGlobalSection
	GlobalSection(SolutionProperties) = preSolution
		HideSolutionNode = FALSE
	EndGlobalSection
	GlobalSection(NestedProjects) = preSolution
		{288F3702-0448-49FE-BA9A-246B743113F0} = {ED425AF5-9D2C-4412-B139-900CC842A30E}
		{ED425AF5-9D2C-4412-B139-900CC842A30E} = {7F369EA8-03B8-462B-B7FD-BDDB144FA5A3}
		{D3CE8A5D-1E92-4D6F-9909-E2B6EF54D771} = {7F369EA8-03B8-462B-B7FD-BDDB144FA5A3}
		{0984C367-3B44-4B2C-B10E-E168D4E498AF} = {7F369EA8-03B8-462B-B7FD-BDDB144FA5A3}
		{E7FB2FBD-A09C-4519-87A9-8C4FD5FAE43F} = {7F369EA8-03B8-462B-B7FD-BDDB144FA5A3}
		{E858DB5C-59DE-48D2-8DAA-C33DC890DBA2} = {D3CE8A5D-1E92-4D6F-9909-E2B6EF54D771}
		{1265D8AC-5160-4F8F-A3B8-F069F4EF6C0B} = {0984C367-3B44-4B2C-B10E-E168D4E498AF}
		{1C79EBB0-DA50-49BF-AC2C-3481574A0F6A} = {E7FB2FBD-A09C-4519-87A9-8C4FD5FAE43F}
		{6F45F33F-3508-4301-98C3-C2AEF74B5D20} = {DFFB1F4F-CAFE-4928-B45D-6B39687967AA}
		{D6F10F58-817A-4043-812D-5584D97D9F33} = {DFFB1F4F-CAFE-4928-B45D-6B39687967AA}
		{CEFB9189-3FA1-4D05-9507-6C11F10E469E} = {7F369EA8-03B8-462B-B7FD-BDDB144FA5A3}
	EndGlobalSection
	GlobalSection(ExtensibilityGlobals) = postSolution
		SolutionGuid = {9AE9A5F8-2134-4B5E-93FA-DE948A499F29}
	EndGlobalSection
EndGlobal
